
Microsoft Visual Studio Solution File, Format Version 12.00
# Visual Studio Version 17
VisualStudioVersion = 17.4.33213.308
MinimumVisualStudioVersion = 10.0.40219.1
Project("{FAE04EC0-301F-11D3-BF4B-00C04F79EFBC}") = "WinAppHastable", "WinAppHastable\WinAppHastable.csproj", "{A20B2161-2BF2-4A9A-AF1C-91EEDC8A6493}"
EndProject
Global
	GlobalSection(SolutionConfigurationPlatforms) = preSolution
		Debug|Any CPU = Debug|Any CPU
		Release|Any CPU = Release|Any CPU
	EndGlobalSection
	GlobalSection(ProjectConfigurationPlatforms) = postSolution
		{A20B2161-2BF2-4A9A-AF1C-91EEDC8A6493}.Debug|Any CPU.ActiveCfg = Debug|Any CPU
		{A20B2161-2BF2-4A9A-AF1C-91EEDC8A6493}.Debug|Any CPU.Build.0 = Debug|Any CPU
		{A20B2161-2BF2-4A9A-AF1C-91EEDC8A6493}.Release|Any CPU.ActiveCfg = Release|Any CPU
		{A20B2161-2BF2-4A9A-AF1C-91EEDC8A6493}.Release|Any CPU.Build.0 = Release|Any CPU
	EndGlobalSection
	GlobalSection(SolutionProperties) = preSolution
		HideSolutionNode = FALSE
	EndGlobalSection
	GlobalSection(ExtensibilityGlobals) = postSolution
		SolutionGuid = {584F1394-4C77-4799-A2E2-72E9C4C9C1CC}
	EndGlobalSection
EndGlobal
